uuid: 9631e8f1-bdab-41aa-a02c-b626c8fca951
langcode: en
status: true
dependencies:
  module:
    - ctools
    - jcc_book_navigation
  theme:
    - jcc_deprep
_core:
  default_config_hash: WOV62XbRBs4neM96LYiGQxm_4b8tjxTs70YvRTzmn5U
id: jcc_deprep_jccbooknavigationblock
theme: jcc_deprep
region: left_sidebar
weight: -12
provider: null
plugin: jcc_book_navigation_block
settings:
  id: jcc_book_navigation_block
  label: 'JCC Book Navigation Block'
  label_display: '0'
  provider: jcc_book_navigation
  icon_library: pattern_library
  nav_icon_expand: expand_more
  nav_icon_collapse: expand_less
  block_mode: 'book pages'
visibility:
  'entity_bundle:node':
    id: 'entity_bundle:node'
    negate: false
    context_mapping:
      node: '@node.node_route_context:node'
    bundles:
      book: book
