uuid: 8229025b-83e3-49be-ae5d-b514843afcc2
langcode: en
status: true
dependencies:
  config:
    - field.storage.paragraph.field_paragraph_block
    - paragraphs.paragraphs_type.block
  module:
    - block_field
_core:
  default_config_hash: 9yJ3pJZWbb_RRAaCecXSYfcY9K58ThDkhtKuv-ugHE4
id: paragraph.block.field_paragraph_block
field_name: field_paragraph_block
entity_type: paragraph
bundle: block
label: Block
description: ''
required: false
translatable: true
default_value: {  }
default_value_callback: ''
settings:
  plugin_ids: {  }
field_type: block_field
