uuid: 010f93d6-aaf8-4bba-8444-a7763d8f9dc0
langcode: en
status: true
dependencies:
  config:
    - paragraphs.paragraphs_type.block
  module:
    - content_translation
third_party_settings:
  content_translation:
    enabled: true
    bundle_settings:
      untranslatable_fields_hide: '0'
_core:
  default_config_hash: W5kzUcWCg8i4izIILuDIFGNXINrCYXCeKodamck9deY
id: paragraph.block
target_entity_type_id: paragraph
target_bundle: block
default_langcode: site_default
language_alterable: true
