uuid: ea5a5694-07f0-4c9e-888d-34ad857250e1
langcode: en
status: true
dependencies:
  module:
    - jcc_book_navigation
    - node
  theme:
    - jcc_newsroom
_core:
  default_config_hash: g_2m-zoU5QSUt_OOuMJYKK7F_d0p4yVjFTeclMI3uxE
id: jcc_newsroom_jccbooknavigationblock
theme: jcc_newsroom
region: left_sidebar
weight: -13
provider: null
plugin: jcc_book_navigation_block
settings:
  id: jcc_book_navigation_block
  label: 'JCC Book Navigation Block'
  label_display: '0'
  provider: jcc_book_navigation
  icon_library: pattern_library
  nav_icon_expand: expand_more
  nav_icon_collapse: expand_less
  block_mode: 'book pages'
visibility:
  'entity_bundle:node':
    id: 'entity_bundle:node'
    negate: false
    context_mapping:
      node: '@node.node_route_context:node'
    bundles:
      book: book
