uuid: dae62a33-21f6-439e-84fc-ea2edb56b066
langcode: en
status: true
dependencies: {  }
_core:
  default_config_hash: vHLvUe3OZsSqWXmL7SvcwAIWVMH5xckrlyEue5ISfG8
id: list_block
label: 'List Block'
image: ''
description: ''
html:
  value: "<div class=\"jcc-list-block\">\r\n<h2 class=\"jcc-list-block__title\">Relevant Files</h2>\r\n\r\n<div class=\"jcc-link-list\">\r\n<ul class=\"jcc-link-list__list\">\r\n\t<li class=\"jcc-link-list__item\">This item is mapped from list block (Enforcement of Judgement) (<a href=\"#\">Form EJ-160</a>)</li>\r\n\t<li class=\"jcc-link-list__item\">Financial Statement (<a href=\"#\">Form EJ-165</a>)</li>\r\n</ul>\r\n</div>\r\n</div>\r\n"
  format: full_html
weight: -5
