uuid: 631a9834-bc50-4e90-abf9-7940a0f8fcc2
langcode: en
status: true
dependencies:
  config:
    - paragraphs.paragraphs_type.block
  module:
    - content_translation
third_party_settings:
  content_translation:
    enabled: true
    bundle_settings:
      untranslatable_fields_hide: '0'
_core:
  default_config_hash: 2X3gKkCOg9MP6_c0kaq-dw8kOT71wuCuAkMAXw_ATNg
id: paragraph.block
target_entity_type_id: paragraph
target_bundle: block
default_langcode: site_default
language_alterable: true
