uuid: 17d2e40e-c116-4a20-aeb7-89e7f3d22066
langcode: en
status: true
dependencies:
  module:
    - block_field
    - paragraphs
_core:
  default_config_hash: 3q2brlOR-ymLelhaWjqJNnlpcXDVdKC_b_cpMJl0l1c
id: paragraph.field_paragraph_block
field_name: field_paragraph_block
entity_type: paragraph
type: block_field
settings: {  }
module: block_field
locked: false
cardinality: 1
translatable: true
indexes: {  }
persist_with_no_fields: false
custom_storage: false
