uuid: 1941cd0e-7d7d-429a-a573-3c41c2dfdaca
langcode: en
status: true
dependencies:
  module:
    - ctools
    - jcc_book_navigation
  theme:
    - slo
id: jccbooknavigationblock
theme: slo
region: left_sidebar
weight: 0
provider: null
plugin: jcc_book_navigation_block
settings:
  id: jcc_book_navigation_block
  label: 'JCC Book Navigation Block'
  provider: jcc_book_navigation
  label_display: '0'
  block_mode: 'book pages'
visibility:
  'entity_bundle:node':
    id: 'entity_bundle:node'
    bundles:
      book: book
    negate: false
    context_mapping:
      node: '@node.node_route_context:node'
