uuid: b6ba5bbe-f19c-4478-a74a-af09f26cab91
langcode: en
status: true
dependencies:
  module:
    - ctools
    - jcc_book_navigation
  theme:
    - jcc_base
_core:
  default_config_hash: vd_R-DYm15iEqSwqWZVv-y3-sHckOYogGSbS_VWaixE
id: jccbooknavigationblock
theme: jcc_base
region: left_sidebar
weight: 0
provider: null
plugin: jcc_book_navigation_block
settings:
  id: jcc_book_navigation_block
  label: 'JCC Book Navigation Block'
  provider: jcc_book_navigation
  label_display: '0'
  block_mode: 'book pages'
visibility:
  'entity_bundle:node':
    id: 'entity_bundle:node'
    bundles:
      book: book
    negate: false
    context_mapping:
      node: '@node.node_route_context:node'
