uuid: b7de7a5c-93fb-45fb-8b23-b5722cb94968
langcode: en
status: true
dependencies:
  module:
    - ctools
    - jcc_book_navigation
  theme:
    - jcc_base
_core:
  default_config_hash: WOV62XbRBs4neM96LYiGQxm_4b8tjxTs70YvRTzmn5U
id: jccbooknavigationblock
theme: jcc_base
region: left_sidebar
weight: 0
provider: null
plugin: jcc_book_navigation_block
settings:
  id: jcc_book_navigation_block
  label: 'JCC Book Navigation Block'
  provider: jcc_book_navigation
  label_display: '0'
  icon_library: pattern_library
  nav_icon_expand: expand_more
  nav_icon_collapse: expand_less
  block_mode: 'book pages'
visibility:
  'entity_bundle:node':
    id: 'entity_bundle:node'
    bundles:
      book: book
    negate: false
    context_mapping:
      node: '@node.node_route_context:node'
