uuid: 76540a87-98be-4075-adfd-66eabb1fa2c5
langcode: en
status: true
dependencies:
  config:
    - field.storage.paragraph.field_custom_block
    - paragraphs.paragraphs_type.custom_blocks
  module:
    - block_field
    - tmgmt_content
third_party_settings:
  tmgmt_content:
    excluded: false
id: paragraph.custom_blocks.field_custom_block
field_name: field_custom_block
entity_type: paragraph
bundle: custom_blocks
label: 'Custom Block'
description: ''
required: false
translatable: false
default_value: {  }
default_value_callback: ''
settings:
  selection: blocks
  selection_settings:
    plugin_ids:
      jcc_case_lookup: jcc_case_lookup
field_type: block_field
