uuid: f63ba826-3fa7-45b8-ba54-d58350066a21
langcode: en
status: true
dependencies:
  module:
    - ctools
    - jcc_book_navigation
  theme:
    - jcc_oc
_core:
  default_config_hash: g_2m-zoU5QSUt_OOuMJYKK7F_d0p4yVjFTeclMI3uxE
id: jcc_oc_jccbooknavigationblock
theme: jcc_oc
region: logo
weight: 0
provider: null
plugin: jcc_book_navigation_block
settings:
  id: jcc_book_navigation_block
  label: 'JCC Book Navigation Block'
  provider: jcc_book_navigation
  label_display: '0'
  block_mode: 'book pages'
visibility:
  'entity_bundle:node':
    id: 'entity_bundle:node'
    bundles:
      book: book
    negate: false
    context_mapping:
      node: '@node.node_route_context:node'
