uuid: b9e405bb-943a-451d-9dc1-f8d5583a2842
langcode: en
status: true
dependencies:
  module:
    - ctools
    - jcc_book_navigation
  theme:
    - jcc_base
_core:
  default_config_hash: g_2m-zoU5QSUt_OOuMJYKK7F_d0p4yVjFTeclMI3uxE
id: jccbooknavigationblock
theme: jcc_base
region: left_sidebar
weight: 0
provider: null
plugin: jcc_book_navigation_block
settings:
  id: jcc_book_navigation_block
  label: 'JCC Book Navigation Block'
  provider: jcc_book_navigation
  label_display: '0'
  block_mode: 'book pages'
visibility:
  'entity_bundle:node':
    id: 'entity_bundle:node'
    bundles:
      book: book
    negate: false
    context_mapping:
      node: '@node.node_route_context:node'
