uuid: bad9a8c9-b5f5-4df2-9c27-fac6c4e9b4f4
langcode: en
status: true
dependencies:
  module:
    - block_field
    - paragraphs
_core:
  default_config_hash: CYy4UQs77sZfzY4PaYt5KskLH_s4ob9ZaCE2wD5y41Q
id: paragraph.field_paragraph_block
field_name: field_paragraph_block
entity_type: paragraph
type: block_field
settings: {  }
module: block_field
locked: false
cardinality: 1
translatable: true
indexes: {  }
persist_with_no_fields: false
custom_storage: false
