uuid: d6964668-6c96-40e9-b324-b1d521f259c6
langcode: en
status: true
dependencies:
  config:
    - field.storage.paragraph.field_paragraph_block
    - paragraphs.paragraphs_type.block
  module:
    - block_field
_core:
  default_config_hash: 8tHULvs4gClaSW65nveefKsghRAAt8-V7QJCGEF9Q9A
id: paragraph.block.field_paragraph_block
field_name: field_paragraph_block
entity_type: paragraph
bundle: block
label: Block
description: ''
required: false
translatable: true
default_value: {  }
default_value_callback: ''
settings:
  plugin_ids: {  }
field_type: block_field
